<?xml version="1.0" encoding="utf-8"?>
<Project ToolsVersion="4.0" xmlns="http://schemas.microsoft.com/developer/msbuild/2003">
  <ItemGroup>
    <Filter Include="Source Files">
      <UniqueIdentifier>{4FC737F1-C7A5-4376-A066-2A32D752A2FF}</UniqueIdentifier>
      <Extensions>cpp;c;cc;cxx;def;odl;idl;hpj;bat;asm;asmx</Extensions>
    </Filter>
    <Filter Include="Header Files">
      <UniqueIdentifier>{93995380-89BD-4b04-88EB-625FBE52EBFB}</UniqueIdentifier>
      <Extensions>h;hh;hpp;hxx;hm;inl;inc;xsd</Extensions>
    </Filter>
    <Filter Include="Resource Files">
      <UniqueIdentifier>{67DA6AB6-F800-4c08-8B7A-83BB121AAD01}</UniqueIdentifier>
      <Extensions>rc;ico;cur;bmp;dlg;rc2;rct;bin;rgs;gif;jpg;jpeg;jpe;resx;tiff;tif;png;wav;mfcribbon-ms</Extensions>
    </Filter>
    <Filter Include="Header Files\Windows">
      <UniqueIdentifier>{de3d392a-1e0d-4751-aa87-d41ea0bbe2f4}</UniqueIdentifier>
    </Filter>
    <Filter Include="Header Files\Linux">
      <UniqueIdentifier>{ddacd580-3b56-4b0e-8056-300bad677af8}</UniqueIdentifier>
    </Filter>
  </ItemGroup>
  <ItemGroup>
    <ClInclude Include="ISocket.h">
      <Filter>Header Files</Filter>
    </ClInclude>
    <ClInclude Include="MutexVault.hpp">
      <Filter>Header Files</Filter>
    </ClInclude>
    <ClInclude Include="IMutex.hpp">
      <Filter>Header Files</Filter>
    </ClInclude>
    <ClInclude Include="BBException.hpp">
      <Filter>Header Files</Filter>
    </ClInclude>
    <ClInclude Include="IThread.hpp">
      <Filter>Header Files</Filter>
    </ClInclude>
    <ClInclude Include="Windows\WinCriticalSession.hpp">
      <Filter>Header Files\Windows</Filter>
    </ClInclude>
    <ClInclude Include="Windows\WinMutex.hpp">
      <Filter>Header Files\Windows</Filter>
    </ClInclude>
    <ClInclude Include="Windows\WinThread.hpp">
      <Filter>Header Files\Windows</Filter>
    </ClInclude>
    <ClInclude Include="Linux\LinuxMutex.hpp">
      <Filter>Header Files\Linux</Filter>
    </ClInclude>
    <ClInclude Include="Linux\LinuxSocket.h">
      <Filter>Header Files\Linux</Filter>
    </ClInclude>
    <ClInclude Include="Linux\LinuxThread.hpp">
      <Filter>Header Files\Linux</Filter>
    </ClInclude>
    <ClInclude Include="Contact.hpp">
      <Filter>Header Files</Filter>
    </ClInclude>
    <ClInclude Include="Windows\WinSocket.h">
      <Filter>Header Files\Windows</Filter>
    </ClInclude>
  </ItemGroup>
  <ItemGroup>
    <ClCompile Include="Source.cpp">
      <Filter>Source Files</Filter>
    </ClCompile>
    <ClCompile Include="BBException.cpp">
      <Filter>Source Files</Filter>
    </ClCompile>
    <ClCompile Include="ISocket.cpp">
      <Filter>Source Files</Filter>
    </ClCompile>
    <ClCompile Include="MutexVault.cpp">
      <Filter>Source Files</Filter>
    </ClCompile>
    <ClCompile Include="Linux\LinuxSocket.cpp">
      <Filter>Header Files\Linux</Filter>
    </ClCompile>
    <ClCompile Include="Windows\WinSocket.cpp">
      <Filter>Header Files\Windows</Filter>
    </ClCompile>
  </ItemGroup>
</Project>